
Microsoft Visual Studio Solution File, Format Version 12.00
# Visual Studio Version 17
VisualStudioVersion = 17.3.32929.385
MinimumVisualStudioVersion = 10.0.40219.1
Project("{FAE04EC0-301F-11D3-BF4B-00C04F79EFBC}") = "WindowsFormsApp3", "WindowsFormsApp3\WindowsFormsApp3.csproj", "{0374148E-6EB9-4D4E-BECE-2A1E793343CB}"
EndProject
Global
	GlobalSection(SolutionConfigurationPlatforms) = preSolution
		Debug|Any CPU = Debug|Any CPU
		Release|Any CPU = Release|Any CPU
	EndGlobalSection
	GlobalSection(ProjectConfigurationPlatforms) = postSolution
		{0374148E-6EB9-4D4E-BECE-2A1E793343CB}.Debug|Any CPU.ActiveCfg = Debug|Any CPU
		{0374148E-6EB9-4D4E-BECE-2A1E793343CB}.Debug|Any CPU.Build.0 = Debug|Any CPU
		{0374148E-6EB9-4D4E-BECE-2A1E793343CB}.Release|Any CPU.ActiveCfg = Release|Any CPU
		{0374148E-6EB9-4D4E-BECE-2A1E793343CB}.Release|Any CPU.Build.0 = Release|Any CPU
	EndGlobalSection
	GlobalSection(SolutionProperties) = preSolution
		HideSolutionNode = FALSE
	EndGlobalSection
	GlobalSection(ExtensibilityGlobals) = postSolution
		SolutionGuid = {B47416BB-BDAB-4C24-901C-BE7F6A5BA3E1}
	EndGlobalSection
EndGlobal
